<?xml version="1.0" encoding="utf-8"?>
<Project ToolsVersion="4.0" xmlns="http://schemas.microsoft.com/developer/msbuild/2003">
  <ItemGroup>
    <Filter Include="Source Files">
      <UniqueIdentifier>{4FC737F1-C7A5-4376-A066-2A32D752A2FF}</UniqueIdentifier>
      <Extensions>cpp;c;cc;cxx;def;odl;idl;hpj;bat;asm;asmx</Extensions>
    </Filter>
    <Filter Include="Header Files">
      <UniqueIdentifier>{93995380-89BD-4b04-88EB-625FBE52EBFB}</UniqueIdentifier>
      <Extensions>h;hh;hpp;hxx;hm;inl;inc;ipp;xsd</Extensions>
    </Filter>
    <Filter Include="Resource Files">
      <UniqueIdentifier>{67DA6AB6-F800-4c08-8B7A-83BB121AAD01}</UniqueIdentifier>
      <Extensions>rc;ico;cur;bmp;dlg;rc2;rct;bin;rgs;gif;jpg;jpeg;jpe;resx;tiff;tif;png;wav;mfcribbon-ms</Extensions>
    </Filter>
    <Filter Include="Source Files\Pentago">
      <UniqueIdentifier>{4b315dcf-c548-4468-8883-930834ac7efe}</UniqueIdentifier>
    </Filter>
    <Filter Include="Source Files\minimax AI">
      <UniqueIdentifier>{8b8c77ab-ed69-414b-a6bc-ec9e95228149}</UniqueIdentifier>
    </Filter>
    <Filter Include="Source Files\Maths">
      <UniqueIdentifier>{1c57c86a-bfcc-408f-b537-c3fb56d1ded6}</UniqueIdentifier>
    </Filter>
  </ItemGroup>
  <ItemGroup>
    <ClCompile Include="main.cpp">
      <Filter>Source Files</Filter>
    </ClCompile>
    <ClCompile Include="Pentago.cpp">
      <Filter>Source Files\Pentago</Filter>
    </ClCompile>
    <ClCompile Include="MyMath.cpp">
      <Filter>Source Files\Maths</Filter>
    </ClCompile>
    <ClCompile Include="Minimax.cpp">
      <Filter>Source Files\minimax AI</Filter>
    </ClCompile>
    <ClCompile Include="PlayGame.cpp">
      <Filter>Source Files\Pentago</Filter>
    </ClCompile>
  </ItemGroup>
  <ItemGroup>
    <ClInclude Include="Pentago.h">
      <Filter>Source Files\Pentago</Filter>
    </ClInclude>
    <ClInclude Include="Minimax.h">
      <Filter>Source Files\minimax AI</Filter>
    </ClInclude>
    <ClInclude Include="MyMath.h">
      <Filter>Source Files\Maths</Filter>
    </ClInclude>
    <ClInclude Include="PlayGame.h">
      <Filter>Source Files\Pentago</Filter>
    </ClInclude>
  </ItemGroup>
</Project>